// !$*UTF8*$!
{
	archiveVersion = 1;
	classes = {
	};
	objectVersion = 50;
	objects = {

/* Begin PBXBuildFile section */
		6105370026BA7FC8006FD64C /* NBA2App.swift in Sources */ = {isa = PBXBuildFile; fileRef = 610536FF26BA7FC8006FD64C /* NBA2App.swift */; };
		6105370226BA7FC8006FD64C /* ContentView.swift in Sources */ = {isa = PBXBuildFile; fileRef = 6105370126BA7FC8006FD64C /* ContentView.swift */; };
		6105370426BA7FCE006FD64C /* Assets.xcassets in Resources */ = {isa = PBXBuildFile; fileRef = 6105370326BA7FCE006FD64C /* Assets.xcassets */; };
		6105370726BA7FCE006FD64C /* Preview Assets.xcassets in Resources */ = {isa = PBXBuildFile; fileRef = 6105370626BA7FCE006FD64C /* Preview Assets.xcassets */; };
		6105371326BA8187006FD64C /* Schedule.swift in Sources */ = {isa = PBXBuildFile; fileRef = 6105371226BA8187006FD64C /* Schedule.swift */; };
		6105371526BA8191006FD64C /* Standings.swift in Sources */ = {isa = PBXBuildFile; fileRef = 6105371426BA8191006FD64C /* Standings.swift */; };
		6105371726BA83E7006FD64C /* Constants.swift in Sources */ = {isa = PBXBuildFile; fileRef = 6105371626BA83E7006FD64C /* Constants.swift */; };
		6105371926BA8AB5006FD64C /* DataModel.swift in Sources */ = {isa = PBXBuildFile; fileRef = 6105371826BA8AB5006FD64C /* DataModel.swift */; };
		6105371D26BA8B38006FD64C /* DateHelpers.swift in Sources */ = {isa = PBXBuildFile; fileRef = 6105371C26BA8B38006FD64C /* DateHelpers.swift */; };
		6105371F26BA8E64006FD64C /* ScheduleView.swift in Sources */ = {isa = PBXBuildFile; fileRef = 6105371E26BA8E64006FD64C /* ScheduleView.swift */; };
		6105372126BA8E6F006FD64C /* StandingsView.swift in Sources */ = {isa = PBXBuildFile; fileRef = 6105372026BA8E6F006FD64C /* StandingsView.swift */; };
		6105372326BA8E8A006FD64C /* SettingsView.swift in Sources */ = {isa = PBXBuildFile; fileRef = 6105372226BA8E8A006FD64C /* SettingsView.swift */; };
		6105372726BA9EAC006FD64C /* GameView.swift in Sources */ = {isa = PBXBuildFile; fileRef = 6105372626BA9EAC006FD64C /* GameView.swift */; };
		6105372926BA9EBD006FD64C /* InforColumnView.swift in Sources */ = {isa = PBXBuildFile; fileRef = 6105372826BA9EBD006FD64C /* InforColumnView.swift */; };
/* End PBXBuildFile section */

/* Begin PBXFileReference section */
		610536FC26BA7FC8006FD64C /* NBA2.app */ = {isa = PBXFileReference; explicitFileType = wrapper.application; includeInIndex = 0; path = NBA2.app; sourceTree = BUILT_PRODUCTS_DIR; };
		610536FF26BA7FC8006FD64C /* NBA2App.swift */ = {isa = PBXFileReference; lastKnownFileType = sourcecode.swift; path = NBA2App.swift; sourceTree = "<group>"; };
		6105370126BA7FC8006FD64C /* ContentView.swift */ = {isa = PBXFileReference; lastKnownFileType = sourcecode.swift; path = ContentView.swift; sourceTree = "<group>"; };
		6105370326BA7FCE006FD64C /* Assets.xcassets */ = {isa = PBXFileReference; lastKnownFileType = folder.assetcatalog; path = Assets.xcassets; sourceTree = "<group>"; };
		6105370626BA7FCE006FD64C /* Preview Assets.xcassets */ = {isa = PBXFileReference; lastKnownFileType = folder.assetcatalog; path = "Preview Assets.xcassets"; sourceTree = "<group>"; };
		6105370826BA7FCE006FD64C /* Info.plist */ = {isa = PBXFileReference; lastKnownFileType = text.plist.xml; path = Info.plist; sourceTree = "<group>"; };
		6105371226BA8187006FD64C /* Schedule.swift */ = {isa = PBXFileReference; lastKnownFileType = sourcecode.swift; path = Schedule.swift; sourceTree = "<group>"; };
		6105371426BA8191006FD64C /* Standings.swift */ = {isa = PBXFileReference; lastKnownFileType = sourcecode.swift; path = Standings.swift; sourceTree = "<group>"; };
		6105371626BA83E7006FD64C /* Constants.swift */ = {isa = PBXFileReference; lastKnownFileType = sourcecode.swift; path = Constants.swift; sourceTree = "<group>"; };
		6105371826BA8AB5006FD64C /* DataModel.swift */ = {isa = PBXFileReference; lastKnownFileType = sourcecode.swift; path = DataModel.swift; sourceTree = "<group>"; };
		6105371C26BA8B38006FD64C /* DateHelpers.swift */ = {isa = PBXFileReference; lastKnownFileType = sourcecode.swift; path = DateHelpers.swift; sourceTree = "<group>"; };
		6105371E26BA8E64006FD64C /* ScheduleView.swift */ = {isa = PBXFileReference; lastKnownFileType = sourcecode.swift; path = ScheduleView.swift; sourceTree = "<group>"; };
		6105372026BA8E6F006FD64C /* StandingsView.swift */ = {isa = PBXFileReference; lastKnownFileType = sourcecode.swift; path = StandingsView.swift; sourceTree = "<group>"; };
		6105372226BA8E8A006FD64C /* SettingsView.swift */ = {isa = PBXFileReference; lastKnownFileType = sourcecode.swift; path = SettingsView.swift; sourceTree = "<group>"; };
		6105372626BA9EAC006FD64C /* GameView.swift */ = {isa = PBXFileReference; lastKnownFileType = sourcecode.swift; path = GameView.swift; sourceTree = "<group>"; };
		6105372826BA9EBD006FD64C /* InforColumnView.swift */ = {isa = PBXFileReference; lastKnownFileType = sourcecode.swift; path = InforColumnView.swift; sourceTree = "<group>"; };
/* End PBXFileReference section */

/* Begin PBXFrameworksBuildPhase section */
		610536F926BA7FC8006FD64C /* Frameworks */ = {
			isa = PBXFrameworksBuildPhase;
			buildActionMask = 2147483647;
			files = (
			);
			runOnlyForDeploymentPostprocessing = 0;
		};
/* End PBXFrameworksBuildPhase section */

/* Begin PBXGroup section */
		610536F326BA7FC8006FD64C = {
			isa = PBXGroup;
			children = (
				610536FE26BA7FC8006FD64C /* NBA2 */,
				610536FD26BA7FC8006FD64C /* Products */,
			);
			sourceTree = "<group>";
		};
		610536FD26BA7FC8006FD64C /* Products */ = {
			isa = PBXGroup;
			children = (
				610536FC26BA7FC8006FD64C /* NBA2.app */,
			);
			name = Products;
			sourceTree = "<group>";
		};
		610536FE26BA7FC8006FD64C /* NBA2 */ = {
			isa = PBXGroup;
			children = (
				610536FF26BA7FC8006FD64C /* NBA2App.swift */,
				6105370F26BA8006006FD64C /* Views */,
				6105371026BA8024006FD64C /* ViewModel */,
				6105370E26BA7FFC006FD64C /* Models */,
				6105371126BA8036006FD64C /* Helpers */,
				6105370326BA7FCE006FD64C /* Assets.xcassets */,
				6105370826BA7FCE006FD64C /* Info.plist */,
				6105370526BA7FCE006FD64C /* Preview Content */,
			);
			path = NBA2;
			sourceTree = "<group>";
		};
		6105370526BA7FCE006FD64C /* Preview Content */ = {
			isa = PBXGroup;
			children = (
				6105370626BA7FCE006FD64C /* Preview Assets.xcassets */,
			);
			path = "Preview Content";
			sourceTree = "<group>";
		};
		6105370E26BA7FFC006FD64C /* Models */ = {
			isa = PBXGroup;
			children = (
				6105371226BA8187006FD64C /* Schedule.swift */,
				6105371426BA8191006FD64C /* Standings.swift */,
			);
			path = Models;
			sourceTree = "<group>";
		};
		6105370F26BA8006006FD64C /* Views */ = {
			isa = PBXGroup;
			children = (
				6105370126BA7FC8006FD64C /* ContentView.swift */,
				6105372226BA8E8A006FD64C /* SettingsView.swift */,
				6105372426BA8FD8006FD64C /* Schedule and Games */,
				6105372526BA900D006FD64C /* Standings */,
			);
			path = Views;
			sourceTree = "<group>";
		};
		6105371026BA8024006FD64C /* ViewModel */ = {
			isa = PBXGroup;
			children = (
				6105371826BA8AB5006FD64C /* DataModel.swift */,
			);
			path = ViewModel;
			sourceTree = "<group>";
		};
		6105371126BA8036006FD64C /* Helpers */ = {
			isa = PBXGroup;
			children = (
				6105371626BA83E7006FD64C /* Constants.swift */,
				6105371C26BA8B38006FD64C /* DateHelpers.swift */,
			);
			path = Helpers;
			sourceTree = "<group>";
		};
		6105372426BA8FD8006FD64C /* Schedule and Games */ = {
			isa = PBXGroup;
			children = (
				6105371E26BA8E64006FD64C /* ScheduleView.swift */,
				6105372626BA9EAC006FD64C /* GameView.swift */,
				6105372826BA9EBD006FD64C /* InforColumnView.swift */,
			);
			path = "Schedule and Games";
			sourceTree = "<group>";
		};
		6105372526BA900D006FD64C /* Standings */ = {
			isa = PBXGroup;
			children = (
				6105372026BA8E6F006FD64C /* StandingsView.swift */,
			);
			path = Standings;
			sourceTree = "<group>";
		};
/* End PBXGroup section */

/* Begin PBXNativeTarget section */
		610536FB26BA7FC8006FD64C /* NBA2 */ = {
			isa = PBXNativeTarget;
			buildConfigurationList = 6105370B26BA7FCE006FD64C /* Build configuration list for PBXNativeTarget "NBA2" */;
			buildPhases = (
				610536F826BA7FC8006FD64C /* Sources */,
				610536F926BA7FC8006FD64C /* Frameworks */,
				610536FA26BA7FC8006FD64C /* Resources */,
			);
			buildRules = (
			);
			dependencies = (
			);
			name = NBA2;
			productName = NBA2;
			productReference = 610536FC26BA7FC8006FD64C /* NBA2.app */;
			productType = "com.apple.product-type.application";
		};
/* End PBXNativeTarget section */

/* Begin PBXProject section */
		610536F426BA7FC8006FD64C /* Project object */ = {
			isa = PBXProject;
			attributes = {
				LastSwiftUpdateCheck = 1250;
				LastUpgradeCheck = 1250;
				TargetAttributes = {
					610536FB26BA7FC8006FD64C = {
						CreatedOnToolsVersion = 12.5.1;
					};
				};
			};
			buildConfigurationList = 610536F726BA7FC8006FD64C /* Build configuration list for PBXProject "NBA2" */;
			compatibilityVersion = "Xcode 9.3";
			developmentRegion = en;
			hasScannedForEncodings = 0;
			knownRegions = (
				en,
				Base,
			);
			mainGroup = 610536F326BA7FC8006FD64C;
			productRefGroup = 610536FD26BA7FC8006FD64C /* Products */;
			projectDirPath = "";
			projectRoot = "";
			targets = (
				610536FB26BA7FC8006FD64C /* NBA2 */,
			);
		};
/* End PBXProject section */

/* Begin PBXResourcesBuildPhase section */
		610536FA26BA7FC8006FD64C /* Resources */ = {
			isa = PBXResourcesBuildPhase;
			buildActionMask = 2147483647;
			files = (
				6105370726BA7FCE006FD64C /* Preview Assets.xcassets in Resources */,
				6105370426BA7FCE006FD64C /* Assets.xcassets in Resources */,
			);
			runOnlyForDeploymentPostprocessing = 0;
		};
/* End PBXResourcesBuildPhase section */

/* Begin PBXSourcesBuildPhase section */
		610536F826BA7FC8006FD64C /* Sources */ = {
			isa = PBXSourcesBuildPhase;
			buildActionMask = 2147483647;
			files = (
				6105371726BA83E7006FD64C /* Constants.swift in Sources */,
				6105371326BA8187006FD64C /* Schedule.swift in Sources */,
				6105371526BA8191006FD64C /* Standings.swift in Sources */,
				6105371D26BA8B38006FD64C /* DateHelpers.swift in Sources */,
				6105370226BA7FC8006FD64C /* ContentView.swift in Sources */,
				6105372726BA9EAC006FD64C /* GameView.swift in Sources */,
				6105372326BA8E8A006FD64C /* SettingsView.swift in Sources */,
				6105372926BA9EBD006FD64C /* InforColumnView.swift in Sources */,
				6105372126BA8E6F006FD64C /* StandingsView.swift in Sources */,
				6105371F26BA8E64006FD64C /* ScheduleView.swift in Sources */,
				6105370026BA7FC8006FD64C /* NBA2App.swift in Sources */,
				6105371926BA8AB5006FD64C /* DataModel.swift in Sources */,
			);
			runOnlyForDeploymentPostprocessing = 0;
		};
/* End PBXSourcesBuildPhase section */

/* Begin XCBuildConfiguration section */
		6105370926BA7FCE006FD64C /* Debug */ = {
			isa = XCBuildConfiguration;
			buildSettings = {
				ALWAYS_SEARCH_USER_PATHS = NO;
				CLANG_ANALYZER_NONNULL = YES;
				CLANG_ANALYZER_NUMBER_OBJECT_CONVERSION = YES_AGGRESSIVE;
				CLANG_CXX_LANGUAGE_STANDARD = "gnu++14";
				CLANG_CXX_LIBRARY = "libc++";
				CLANG_ENABLE_MODULES = YES;
				CLANG_ENABLE_OBJC_ARC = YES;
				CLANG_ENABLE_OBJC_WEAK = YES;
				CLANG_WARN_BLOCK_CAPTURE_AUTORELEASING = YES;
				CLANG_WARN_BOOL_CONVERSION = YES;
				CLANG_WARN_COMMA = YES;
				CLANG_WARN_CONSTANT_CONVERSION = YES;
				CLANG_WARN_DEPRECATED_OBJC_IMPLEMENTATIONS = YES;
				CLANG_WARN_DIRECT_OBJC_ISA_USAGE = YES_ERROR;
				CLANG_WARN_DOCUMENTATION_COMMENTS = YES;
				CLANG_WARN_EMPTY_BODY = YES;
				CLANG_WARN_ENUM_CONVERSION = YES;
				CLANG_WARN_INFINITE_RECURSION = YES;
				CLANG_WARN_INT_CONVERSION = YES;
				CLANG_WARN_NON_LITERAL_NULL_CONVERSION = YES;
				CLANG_WARN_OBJC_IMPLICIT_RETAIN_SELF = YES;
				CLANG_WARN_OBJC_LITERAL_CONVERSION = YES;
				CLANG_WARN_OBJC_ROOT_CLASS = YES_ERROR;
				CLANG_WARN_QUOTED_INCLUDE_IN_FRAMEWORK_HEADER = YES;
				CLANG_WARN_RANGE_LOOP_ANALYSIS = YES;
				CLANG_WARN_STRICT_PROTOTYPES = YES;
				CLANG_WARN_SUSPICIOUS_MOVE = YES;
				CLANG_WARN_UNGUARDED_AVAILABILITY = YES_AGGRESSIVE;
				CLANG_WARN_UNREACHABLE_CODE = YES;
				CLANG_WARN__DUPLICATE_METHOD_MATCH = YES;
				COPY_PHASE_STRIP = NO;
				DEBUG_INFORMATION_FORMAT = dwarf;
				ENABLE_STRICT_OBJC_MSGSEND = YES;
				ENABLE_TESTABILITY = YES;
				GCC_C_LANGUAGE_STANDARD = gnu11;
				GCC_DYNAMIC_NO_PIC = NO;
				GCC_NO_COMMON_BLOCKS = YES;
				GCC_OPTIMIZATION_LEVEL = 0;
				GCC_PREPROCESSOR_DEFINITIONS = (
					"DEBUG=1",
					"$(inherited)",
				);
				GCC_WARN_64_TO_32_BIT_CONVERSION = YES;
				GCC_WARN_ABOUT_RETURN_TYPE = YES_ERROR;
				GCC_WARN_UNDECLARED_SELECTOR = YES;
				GCC_WARN_UNINITIALIZED_AUTOS = YES_AGGRESSIVE;
				GCC_WARN_UNUSED_FUNCTION = YES;
				GCC_WARN_UNUSED_VARIABLE = YES;
				IPHONEOS_DEPLOYMENT_TARGET = 14.5;
				MTL_ENABLE_DEBUG_INFO = INCLUDE_SOURCE;
				MTL_FAST_MATH = YES;
				ONLY_ACTIVE_ARCH = YES;
				SDKROOT = iphoneos;
				SWIFT_ACTIVE_COMPILATION_CONDITIONS = DEBUG;
				SWIFT_OPTIMIZATION_LEVEL = "-Onone";
			};
			name = Debug;
		};
		6105370A26BA7FCE006FD64C /* Release */ = {
			isa = XCBuildConfiguration;
			buildSettings = {
				ALWAYS_SEARCH_USER_PATHS = NO;
				CLANG_ANALYZER_NONNULL = YES;
				CLANG_ANALYZER_NUMBER_OBJECT_CONVERSION = YES_AGGRESSIVE;
				CLANG_CXX_LANGUAGE_STANDARD = "gnu++14";
				CLANG_CXX_LIBRARY = "libc++";
				CLANG_ENABLE_MODULES = YES;
				CLANG_ENABLE_OBJC_ARC = YES;
				CLANG_ENABLE_OBJC_WEAK = YES;
				CLANG_WARN_BLOCK_CAPTURE_AUTORELEASING = YES;
				CLANG_WARN_BOOL_CONVERSION = YES;
				CLANG_WARN_COMMA = YES;
				CLANG_WARN_CONSTANT_CONVERSION = YES;
				CLANG_WARN_DEPRECATED_OBJC_IMPLEMENTATIONS = YES;
				CLANG_WARN_DIRECT_OBJC_ISA_USAGE = YES_ERROR;
				CLANG_WARN_DOCUMENTATION_COMMENTS = YES;
				CLANG_WARN_EMPTY_BODY = YES;
				CLANG_WARN_ENUM_CONVERSION = YES;
				CLANG_WARN_INFINITE_RECURSION = YES;
				CLANG_WARN_INT_CONVERSION = YES;
				CLANG_WARN_NON_LITERAL_NULL_CONVERSION = YES;
				CLANG_WARN_OBJC_IMPLICIT_RETAIN_SELF = YES;
				CLANG_WARN_OBJC_LITERAL_CONVERSION = YES;
				CLANG_WARN_OBJC_ROOT_CLASS = YES_ERROR;
				CLANG_WARN_QUOTED_INCLUDE_IN_FRAMEWORK_HEADER = YES;
				CLANG_WARN_RANGE_LOOP_ANALYSIS = YES;
				CLANG_WARN_STRICT_PROTOTYPES = YES;
				CLANG_WARN_SUSPICIOUS_MOVE = YES;
				CLANG_WARN_UNGUARDED_AVAILABILITY = YES_AGGRESSIVE;
				CLANG_WARN_UNREACHABLE_CODE = YES;
				CLANG_WARN__DUPLICATE_METHOD_MATCH = YES;
				COPY_PHASE_STRIP = NO;
				DEBUG_INFORMATION_FORMAT = "dwarf-with-dsym";
				ENABLE_NS_ASSERTIONS = NO;
				ENABLE_STRICT_OBJC_MSGSEND = YES;
				GCC_C_LANGUAGE_STANDARD = gnu11;
				GCC_NO_COMMON_BLOCKS = YES;
				GCC_WARN_64_TO_32_BIT_CONVERSION = YES;
				GCC_WARN_ABOUT_RETURN_TYPE = YES_ERROR;
				GCC_WARN_UNDECLARED_SELECTOR = YES;
				GCC_WARN_UNINITIALIZED_AUTOS = YES_AGGRESSIVE;
				GCC_WARN_UNUSED_FUNCTION = YES;
				GCC_WARN_UNUSED_VARIABLE = YES;
				IPHONEOS_DEPLOYMENT_TARGET = 14.5;
				MTL_ENABLE_DEBUG_INFO = NO;
				MTL_FAST_MATH = YES;
				SDKROOT = iphoneos;
				SWIFT_COMPILATION_MODE = wholemodule;
				SWIFT_OPTIMIZATION_LEVEL = "-O";
				VALIDATE_PRODUCT = YES;
			};
			name = Release;
		};
		6105370C26BA7FCE006FD64C /* Debug */ = {
			isa = XCBuildConfiguration;
			buildSettings = {
				ASSETCATALOG_COMPILER_APPICON_NAME = AppIcon;
				ASSETCATALOG_COMPILER_GLOBAL_ACCENT_COLOR_NAME = AccentColor;
				CODE_SIGN_STYLE = Automatic;
				DEVELOPMENT_ASSET_PATHS = "\"NBA2/Preview Content\"";
				DEVELOPMENT_TEAM = MN56A5F393;
				ENABLE_PREVIEWS = YES;
				INFOPLIST_FILE = NBA2/Info.plist;
				IPHONEOS_DEPLOYMENT_TARGET = 14.0;
				LD_RUNPATH_SEARCH_PATHS = (
					"$(inherited)",
					"@executable_path/Frameworks",
				);
				PRODUCT_BUNDLE_IDENTIFIER = com.DHV10.NBA2;
				PRODUCT_NAME = "$(TARGET_NAME)";
				SWIFT_VERSION = 5.0;
				TARGETED_DEVICE_FAMILY = "1,2";
			};
			name = Debug;
		};
		6105370D26BA7FCE006FD64C /* Release */ = {
			isa = XCBuildConfiguration;
			buildSettings = {
				ASSETCATALOG_COMPILER_APPICON_NAME = AppIcon;
				ASSETCATALOG_COMPILER_GLOBAL_ACCENT_COLOR_NAME = AccentColor;
				CODE_SIGN_STYLE = Automatic;
				DEVELOPMENT_ASSET_PATHS = "\"NBA2/Preview Content\"";
				DEVELOPMENT_TEAM = MN56A5F393;
				ENABLE_PREVIEWS = YES;
				INFOPLIST_FILE = NBA2/Info.plist;
				IPHONEOS_DEPLOYMENT_TARGET = 14.0;
				LD_RUNPATH_SEARCH_PATHS = (
					"$(inherited)",
					"@executable_path/Frameworks",
				);
				PRODUCT_BUNDLE_IDENTIFIER = com.DHV10.NBA2;
				PRODUCT_NAME = "$(TARGET_NAME)";
				SWIFT_VERSION = 5.0;
				TARGETED_DEVICE_FAMILY = "1,2";
			};
			name = Release;
		};
/* End XCBuildConfiguration section */

/* Begin XCConfigurationList section */
		610536F726BA7FC8006FD64C /* Build configuration list for PBXProject "NBA2" */ = {
			isa = XCConfigurationList;
			buildConfigurations = (
				6105370926BA7FCE006FD64C /* Debug */,
				6105370A26BA7FCE006FD64C /* Release */,
			);
			defaultConfigurationIsVisible = 0;
			defaultConfigurationName = Release;
		};
		6105370B26BA7FCE006FD64C /* Build configuration list for PBXNativeTarget "NBA2" */ = {
			isa = XCConfigurationList;
			buildConfigurations = (
				6105370C26BA7FCE006FD64C /* Debug */,
				6105370D26BA7FCE006FD64C /* Release */,
			);
			defaultConfigurationIsVisible = 0;
			defaultConfigurationName = Release;
		};
/* End XCConfigurationList section */
	};
	rootObject = 610536F426BA7FC8006FD64C /* Project object */;
}
